
Microsoft Visual Studio Solution File, Format Version 12.00
# Visual Studio Version 16
VisualStudioVersion = 16.0.31229.75
MinimumVisualStudioVersion = 10.0.40219.1
Project("{FAE04EC0-301F-11D3-BF4B-00C04F79EFBC}") = "DZ_3_1", "DZ_3_1\DZ_3_1.csproj", "{6F182B0B-6071-4BC1-A67F-03B1BB49CDEC}"
EndProject
Global
	GlobalSection(SolutionConfigurationPlatforms) = preSolution
		Debug|Any CPU = Debug|Any CPU
		Release|Any CPU = Release|Any CPU
	EndGlobalSection
	GlobalSection(ProjectConfigurationPlatforms) = postSolution
		{6F182B0B-6071-4BC1-A67F-03B1BB49CDEC}.Debug|Any CPU.ActiveCfg = Debug|Any CPU
		{6F182B0B-6071-4BC1-A67F-03B1BB49CDEC}.Debug|Any CPU.Build.0 = Debug|Any CPU
		{6F182B0B-6071-4BC1-A67F-03B1BB49CDEC}.Release|Any CPU.ActiveCfg = Release|Any CPU
		{6F182B0B-6071-4BC1-A67F-03B1BB49CDEC}.Release|Any CPU.Build.0 = Release|Any CPU
	EndGlobalSection
	GlobalSection(SolutionProperties) = preSolution
		HideSolutionNode = FALSE
	EndGlobalSection
	GlobalSection(ExtensibilityGlobals) = postSolution
		SolutionGuid = {28A7B5B5-7B42-4303-928B-649C31332E6E}
	EndGlobalSection
EndGlobal
